// !$*UTF8*$!
{
	archiveVersion = 1;
	classes = {
	};
	objectVersion = 46;
	objects = {

/* Begin PBXBuildFile section */
		2478F6731C2B921B00826D66 /* AppDelegate.swift in Sources */ = {isa = PBXBuildFile; fileRef = 2478F6721C2B921B00826D66 /* AppDelegate.swift */; };
		2478F67A1C2B921B00826D66 /* Assets.xcassets in Resources */ = {isa = PBXBuildFile; fileRef = 2478F6791C2B921B00826D66 /* Assets.xcassets */; };
		2478F67D1C2B921B00826D66 /* LaunchScreen.storyboard in Resources */ = {isa = PBXBuildFile; fileRef = 2478F67B1C2B921B00826D66 /* LaunchScreen.storyboard */; };
		2478F6851C2B92D100826D66 /* MainViewController.swift in Sources */ = {isa = PBXBuildFile; fileRef = 2478F6841C2B92D100826D66 /* MainViewController.swift */; };
		2478F68A1C2BCA2200826D66 /* MWBLoopViewCollectionViewCell.swift in Sources */ = {isa = PBXBuildFile; fileRef = 2478F6891C2BCA2200826D66 /* MWBLoopViewCollectionViewCell.swift */; };
		2478F68E1C2BEBFF00826D66 /* MWBLoopView.swift in Sources */ = {isa = PBXBuildFile; fileRef = 2478F68D1C2BEBFF00826D66 /* MWBLoopView.swift */; };
		24F83E3E1C321F540091CC7A /* address_icon_red.png in Resources */ = {isa = PBXBuildFile; fileRef = 24F83E3B1C321F540091CC7A /* address_icon_red.png */; };
		24F83E3F1C321F540091CC7A /* poi_image_default@2x.png in Resources */ = {isa = PBXBuildFile; fileRef = 24F83E3C1C321F540091CC7A /* poi_image_default@2x.png */; };
		24F83E401C321F540091CC7A /* share_weibo_default@2x.png in Resources */ = {isa = PBXBuildFile; fileRef = 24F83E3D1C321F540091CC7A /* share_weibo_default@2x.png */; };
		6BFD2528C14F78C7634CE05E /* Pods.framework in Frameworks */ = {isa = PBXBuildFile; fileRef = 5347D47DE3CB7E4B9DEA1B25 /* Pods.framework */; };
/* End PBXBuildFile section */

/* Begin PBXFileReference section */
		2478F66F1C2B921B00826D66 /* MWBLoopViewSwift.app */ = {isa = PBXFileReference; explicitFileType = wrapper.application; includeInIndex = 0; path = MWBLoopViewSwift.app; sourceTree = BUILT_PRODUCTS_DIR; };
		2478F6721C2B921B00826D66 /* AppDelegate.swift */ = {isa = PBXFileReference; lastKnownFileType = sourcecode.swift; path = AppDelegate.swift; sourceTree = "<group>"; };
		2478F6791C2B921B00826D66 /* Assets.xcassets */ = {isa = PBXFileReference; lastKnownFileType = folder.assetcatalog; path = Assets.xcassets; sourceTree = "<group>"; };
		2478F67C1C2B921B00826D66 /* Base */ = {isa = PBXFileReference; lastKnownFileType = file.storyboard; name = Base; path = Base.lproj/LaunchScreen.storyboard; sourceTree = "<group>"; };
		2478F67E1C2B921B00826D66 /* Info.plist */ = {isa = PBXFileReference; lastKnownFileType = text.plist.xml; path = Info.plist; sourceTree = "<group>"; };
		2478F6841C2B92D100826D66 /* MainViewController.swift */ = {isa = PBXFileReference; fileEncoding = 4; lastKnownFileType = sourcecode.swift; path = MainViewController.swift; sourceTree = "<group>"; };
		2478F6891C2BCA2200826D66 /* MWBLoopViewCollectionViewCell.swift */ = {isa = PBXFileReference; fileEncoding = 4; lastKnownFileType = sourcecode.swift; path = MWBLoopViewCollectionViewCell.swift; sourceTree = "<group>"; };
		2478F68D1C2BEBFF00826D66 /* MWBLoopView.swift */ = {isa = PBXFileReference; fileEncoding = 4; lastKnownFileType = sourcecode.swift; path = MWBLoopView.swift; sourceTree = "<group>"; };
		24F83E3B1C321F540091CC7A /* address_icon_red.png */ = {isa = PBXFileReference; lastKnownFileType = image.png; path = address_icon_red.png; sourceTree = "<group>"; };
		24F83E3C1C321F540091CC7A /* poi_image_default@2x.png */ = {isa = PBXFileReference; lastKnownFileType = image.png; path = "poi_image_default@2x.png"; sourceTree = "<group>"; };
		24F83E3D1C321F540091CC7A /* share_weibo_default@2x.png */ = {isa = PBXFileReference; lastKnownFileType = image.png; path = "share_weibo_default@2x.png"; sourceTree = "<group>"; };
		24F83E411C3230C90091CC7A /* MWBLoopViewSwift-Bridging-Header.h */ = {isa = PBXFileReference; fileEncoding = 4; lastKnownFileType = sourcecode.c.h; path = "MWBLoopViewSwift-Bridging-Header.h"; sourceTree = "<group>"; };
		5347D47DE3CB7E4B9DEA1B25 /* Pods.framework */ = {isa = PBXFileReference; explicitFileType = wrapper.framework; includeInIndex = 0; path = Pods.framework; sourceTree = BUILT_PRODUCTS_DIR; };
		7BCB380C72458E00956A1D06 /* Pods.debug.xcconfig */ = {isa = PBXFileReference; includeInIndex = 1; lastKnownFileType = text.xcconfig; name = Pods.debug.xcconfig; path = "Pods/Target Support Files/Pods/Pods.debug.xcconfig"; sourceTree = "<group>"; };
		A8EF5F1BE4E325F8F7114A49 /* Pods.release.xcconfig */ = {isa = PBXFileReference; includeInIndex = 1; lastKnownFileType = text.xcconfig; name = Pods.release.xcconfig; path = "Pods/Target Support Files/Pods/Pods.release.xcconfig"; sourceTree = "<group>"; };
/* End PBXFileReference section */

/* Begin PBXFrameworksBuildPhase section */
		2478F66C1C2B921B00826D66 /* Frameworks */ = {
			isa = PBXFrameworksBuildPhase;
			buildActionMask = 2147483647;
			files = (
				6BFD2528C14F78C7634CE05E /* Pods.framework in Frameworks */,
			);
			runOnlyForDeploymentPostprocessing = 0;
		};
/* End PBXFrameworksBuildPhase section */

/* Begin PBXGroup section */
		2478F6661C2B921B00826D66 = {
			isa = PBXGroup;
			children = (
				24F83E3B1C321F540091CC7A /* address_icon_red.png */,
				24F83E3C1C321F540091CC7A /* poi_image_default@2x.png */,
				24F83E3D1C321F540091CC7A /* share_weibo_default@2x.png */,
				2478F6881C2BC9CD00826D66 /* MWBLoopView */,
				2478F6711C2B921B00826D66 /* MWBLoopViewSwift */,
				2478F6701C2B921B00826D66 /* Products */,
				AB43E7E1E7677F7A5C2D1630 /* Pods */,
				E94803A630D80FFE911CA56B /* Frameworks */,
			);
			sourceTree = "<group>";
		};
		2478F6701C2B921B00826D66 /* Products */ = {
			isa = PBXGroup;
			children = (
				2478F66F1C2B921B00826D66 /* MWBLoopViewSwift.app */,
			);
			name = Products;
			sourceTree = "<group>";
		};
		2478F6711C2B921B00826D66 /* MWBLoopViewSwift */ = {
			isa = PBXGroup;
			children = (
				2478F6721C2B921B00826D66 /* AppDelegate.swift */,
				2478F6841C2B92D100826D66 /* MainViewController.swift */,
				2478F6791C2B921B00826D66 /* Assets.xcassets */,
				2478F67B1C2B921B00826D66 /* LaunchScreen.storyboard */,
				2478F67E1C2B921B00826D66 /* Info.plist */,
			);
			path = MWBLoopViewSwift;
			sourceTree = "<group>";
		};
		2478F6881C2BC9CD00826D66 /* MWBLoopView */ = {
			isa = PBXGroup;
			children = (
				24F83E411C3230C90091CC7A /* MWBLoopViewSwift-Bridging-Header.h */,
				2478F6891C2BCA2200826D66 /* MWBLoopViewCollectionViewCell.swift */,
				2478F68D1C2BEBFF00826D66 /* MWBLoopView.swift */,
			);
			path = MWBLoopView;
			sourceTree = "<group>";
		};
		AB43E7E1E7677F7A5C2D1630 /* Pods */ = {
			isa = PBXGroup;
			children = (
				7BCB380C72458E00956A1D06 /* Pods.debug.xcconfig */,
				A8EF5F1BE4E325F8F7114A49 /* Pods.release.xcconfig */,
			);
			name = Pods;
			sourceTree = "<group>";
		};
		E94803A630D80FFE911CA56B /* Frameworks */ = {
			isa = PBXGroup;
			children = (
				5347D47DE3CB7E4B9DEA1B25 /* Pods.framework */,
			);
			name = Frameworks;
			sourceTree = "<group>";
		};
/* End PBXGroup section */

/* Begin PBXNativeTarget section */
		2478F66E1C2B921B00826D66 /* MWBLoopViewSwift */ = {
			isa = PBXNativeTarget;
			buildConfigurationList = 2478F6811C2B921C00826D66 /* Build configuration list for PBXNativeTarget "MWBLoopViewSwift" */;
			buildPhases = (
				48C213225AF3135A62C10D1D /* Check Pods Manifest.lock */,
				2478F66B1C2B921B00826D66 /* Sources */,
				2478F66C1C2B921B00826D66 /* Frameworks */,
				2478F66D1C2B921B00826D66 /* Resources */,
				A89F80709A5E51F2CAD7782B /* Embed Pods Frameworks */,
				93BD472A3E5E4838B3CBBB22 /* Copy Pods Resources */,
			);
			buildRules = (
			);
			dependencies = (
			);
			name = MWBLoopViewSwift;
			productName = MWBLoopViewSwift;
			productReference = 2478F66F1C2B921B00826D66 /* MWBLoopViewSwift.app */;
			productType = "com.apple.product-type.application";
		};
/* End PBXNativeTarget section */

/* Begin PBXProject section */
		2478F6671C2B921B00826D66 /* Project object */ = {
			isa = PBXProject;
			attributes = {
				LastSwiftUpdateCheck = 0720;
				LastUpgradeCheck = 0720;
				ORGANIZATIONNAME = UK;
				TargetAttributes = {
					2478F66E1C2B921B00826D66 = {
						CreatedOnToolsVersion = 7.2;
					};
				};
			};
			buildConfigurationList = 2478F66A1C2B921B00826D66 /* Build configuration list for PBXProject "MWBLoopViewSwift" */;
			compatibilityVersion = "Xcode 3.2";
			developmentRegion = English;
			hasScannedForEncodings = 0;
			knownRegions = (
				en,
				Base,
			);
			mainGroup = 2478F6661C2B921B00826D66;
			productRefGroup = 2478F6701C2B921B00826D66 /* Products */;
			projectDirPath = "";
			projectRoot = "";
			targets = (
				2478F66E1C2B921B00826D66 /* MWBLoopViewSwift */,
			);
		};
/* End PBXProject section */

/* Begin PBXResourcesBuildPhase section */
		2478F66D1C2B921B00826D66 /* Resources */ = {
			isa = PBXResourcesBuildPhase;
			buildActionMask = 2147483647;
			files = (
				2478F67D1C2B921B00826D66 /* LaunchScreen.storyboard in Resources */,
				2478F67A1C2B921B00826D66 /* Assets.xcassets in Resources */,
				24F83E3E1C321F540091CC7A /* address_icon_red.png in Resources */,
				24F83E3F1C321F540091CC7A /* poi_image_default@2x.png in Resources */,
				24F83E401C321F540091CC7A /* share_weibo_default@2x.png in Resources */,
			);
			runOnlyForDeploymentPostprocessing = 0;
		};
/* End PBXResourcesBuildPhase section */

/* Begin PBXShellScriptBuildPhase section */
		48C213225AF3135A62C10D1D /* Check Pods Manifest.lock */ = {
			isa = PBXShellScriptBuildPhase;
			buildActionMask = 2147483647;
			files = (
			);
			inputPaths = (
			);
			name = "Check Pods Manifest.lock";
			outputPaths = (
			);
			runOnlyForDeploymentPostprocessing = 0;
			shellPath = /bin/sh;
			shellScript = "diff \"${PODS_ROOT}/../Podfile.lock\" \"${PODS_ROOT}/Manifest.lock\" > /dev/null\nif [[ $? != 0 ]] ; then\n    cat << EOM\nerror: The sandbox is not in sync with the Podfile.lock. Run 'pod install' or update your CocoaPods installation.\nEOM\n    exit 1\nfi\n";
			showEnvVarsInLog = 0;
		};
		93BD472A3E5E4838B3CBBB22 /* Copy Pods Resources */ = {
			isa = PBXShellScriptBuildPhase;
			buildActionMask = 2147483647;
			files = (
			);
			inputPaths = (
			);
			name = "Copy Pods Resources";
			outputPaths = (
			);
			runOnlyForDeploymentPostprocessing = 0;
			shellPath = /bin/sh;
			shellScript = "\"${SRCROOT}/Pods/Target Support Files/Pods/Pods-resources.sh\"\n";
			showEnvVarsInLog = 0;
		};
		A89F80709A5E51F2CAD7782B /* Embed Pods Frameworks */ = {
			isa = PBXShellScriptBuildPhase;
			buildActionMask = 2147483647;
			files = (
			);
			inputPaths = (
			);
			name = "Embed Pods Frameworks";
			outputPaths = (
			);
			runOnlyForDeploymentPostprocessing = 0;
			shellPath = /bin/sh;
			shellScript = "\"${SRCROOT}/Pods/Target Support Files/Pods/Pods-frameworks.sh\"\n";
			showEnvVarsInLog = 0;
		};
/* End PBXShellScriptBuildPhase section */

/* Begin PBXSourcesBuildPhase section */
		2478F66B1C2B921B00826D66 /* Sources */ = {
			isa = PBXSourcesBuildPhase;
			buildActionMask = 2147483647;
			files = (
				2478F6731C2B921B00826D66 /* AppDelegate.swift in Sources */,
				2478F6851C2B92D100826D66 /* MainViewController.swift in Sources */,
				2478F68A1C2BCA2200826D66 /* MWBLoopViewCollectionViewCell.swift in Sources */,
				2478F68E1C2BEBFF00826D66 /* MWBLoopView.swift in Sources */,
			);
			runOnlyForDeploymentPostprocessing = 0;
		};
/* End PBXSourcesBuildPhase section */

/* Begin PBXVariantGroup section */
		2478F67B1C2B921B00826D66 /* LaunchScreen.storyboard */ = {
			isa = PBXVariantGroup;
			children = (
				2478F67C1C2B921B00826D66 /* Base */,
			);
			name = LaunchScreen.storyboard;
			sourceTree = "<group>";
		};
/* End PBXVariantGroup section */

/* Begin XCBuildConfiguration section */
		2478F67F1C2B921C00826D66 /* Debug */ = {
			isa = XCBuildConfiguration;
			buildSettings = {
				ALWAYS_SEARCH_USER_PATHS = NO;
				CLANG_CXX_LANGUAGE_STANDARD = "gnu++0x";
				CLANG_CXX_LIBRARY = "libc++";
				CLANG_ENABLE_MODULES = YES;
				CLANG_ENABLE_OBJC_ARC = YES;
				CLANG_WARN_BOOL_CONVERSION = YES;
				CLANG_WARN_CONSTANT_CONVERSION = YES;
				CLANG_WARN_DIRECT_OBJC_ISA_USAGE = YES_ERROR;
				CLANG_WARN_EMPTY_BODY = YES;
				CLANG_WARN_ENUM_CONVERSION = YES;
				CLANG_WARN_INT_CONVERSION = YES;
				CLANG_WARN_OBJC_ROOT_CLASS = YES_ERROR;
				CLANG_WARN_UNREACHABLE_CODE = YES;
				CLANG_WARN__DUPLICATE_METHOD_MATCH = YES;
				"CODE_SIGN_IDENTITY[sdk=iphoneos*]" = "iPhone Developer";
				COPY_PHASE_STRIP = NO;
				DEBUG_INFORMATION_FORMAT = dwarf;
				ENABLE_STRICT_OBJC_MSGSEND = YES;
				ENABLE_TESTABILITY = YES;
				GCC_C_LANGUAGE_STANDARD = gnu99;
				GCC_DYNAMIC_NO_PIC = NO;
				GCC_NO_COMMON_BLOCKS = YES;
				GCC_OPTIMIZATION_LEVEL = 0;
				GCC_PREPROCESSOR_DEFINITIONS = (
					"DEBUG=1",
					"$(inherited)",
				);
				GCC_WARN_64_TO_32_BIT_CONVERSION = YES;
				GCC_WARN_ABOUT_RETURN_TYPE = YES_ERROR;
				GCC_WARN_UNDECLARED_SELECTOR = YES;
				GCC_WARN_UNINITIALIZED_AUTOS = YES_AGGRESSIVE;
				GCC_WARN_UNUSED_FUNCTION = YES;
				GCC_WARN_UNUSED_VARIABLE = YES;
				IPHONEOS_DEPLOYMENT_TARGET = 9.2;
				MTL_ENABLE_DEBUG_INFO = YES;
				ONLY_ACTIVE_ARCH = YES;
				SDKROOT = iphoneos;
				SWIFT_OPTIMIZATION_LEVEL = "-Onone";
			};
			name = Debug;
		};
		2478F6801C2B921C00826D66 /* Release */ = {
			isa = XCBuildConfiguration;
			buildSettings = {
				ALWAYS_SEARCH_USER_PATHS = NO;
				CLANG_CXX_LANGUAGE_STANDARD = "gnu++0x";
				CLANG_CXX_LIBRARY = "libc++";
				CLANG_ENABLE_MODULES = YES;
				CLANG_ENABLE_OBJC_ARC = YES;
				CLANG_WARN_BOOL_CONVERSION = YES;
				CLANG_WARN_CONSTANT_CONVERSION = YES;
				CLANG_WARN_DIRECT_OBJC_ISA_USAGE = YES_ERROR;
				CLANG_WARN_EMPTY_BODY = YES;
				CLANG_WARN_ENUM_CONVERSION = YES;
				CLANG_WARN_INT_CONVERSION = YES;
				CLANG_WARN_OBJC_ROOT_CLASS = YES_ERROR;
				CLANG_WARN_UNREACHABLE_CODE = YES;
				CLANG_WARN__DUPLICATE_METHOD_MATCH = YES;
				"CODE_SIGN_IDENTITY[sdk=iphoneos*]" = "iPhone Developer";
				COPY_PHASE_STRIP = NO;
				DEBUG_INFORMATION_FORMAT = "dwarf-with-dsym";
				ENABLE_NS_ASSERTIONS = NO;
				ENABLE_STRICT_OBJC_MSGSEND = YES;
				GCC_C_LANGUAGE_STANDARD = gnu99;
				GCC_NO_COMMON_BLOCKS = YES;
				GCC_WARN_64_TO_32_BIT_CONVERSION = YES;
				GCC_WARN_ABOUT_RETURN_TYPE = YES_ERROR;
				GCC_WARN_UNDECLARED_SELECTOR = YES;
				GCC_WARN_UNINITIALIZED_AUTOS = YES_AGGRESSIVE;
				GCC_WARN_UNUSED_FUNCTION = YES;
				GCC_WARN_UNUSED_VARIABLE = YES;
				IPHONEOS_DEPLOYMENT_TARGET = 9.2;
				MTL_ENABLE_DEBUG_INFO = NO;
				SDKROOT = iphoneos;
				VALIDATE_PRODUCT = YES;
			};
			name = Release;
		};
		2478F6821C2B921C00826D66 /* Debug */ = {
			isa = XCBuildConfiguration;
			baseConfigurationReference = 7BCB380C72458E00956A1D06 /* Pods.debug.xcconfig */;
			buildSettings = {
				ASSETCATALOG_COMPILER_APPICON_NAME = AppIcon;
				CLANG_ENABLE_MODULES = YES;
				INFOPLIST_FILE = MWBLoopViewSwift/Info.plist;
				LD_RUNPATH_SEARCH_PATHS = "$(inherited) @executable_path/Frameworks";
				PRODUCT_BUNDLE_IDENTIFIER = com.UOKO.UokerApp.MWBLoopViewSwift;
				PRODUCT_NAME = "$(TARGET_NAME)";
				SWIFT_OBJC_BRIDGING_HEADER = "MWBLoopView/MWBLoopViewSwift-Bridging-Header.h";
				SWIFT_OPTIMIZATION_LEVEL = "-Onone";
			};
			name = Debug;
		};
		2478F6831C2B921C00826D66 /* Release */ = {
			isa = XCBuildConfiguration;
			baseConfigurationReference = A8EF5F1BE4E325F8F7114A49 /* Pods.release.xcconfig */;
			buildSettings = {
				ASSETCATALOG_COMPILER_APPICON_NAME = AppIcon;
				CLANG_ENABLE_MODULES = YES;
				INFOPLIST_FILE = MWBLoopViewSwift/Info.plist;
				LD_RUNPATH_SEARCH_PATHS = "$(inherited) @executable_path/Frameworks";
				PRODUCT_BUNDLE_IDENTIFIER = com.UOKO.UokerApp.MWBLoopViewSwift;
				PRODUCT_NAME = "$(TARGET_NAME)";
				SWIFT_OBJC_BRIDGING_HEADER = "MWBLoopView/MWBLoopViewSwift-Bridging-Header.h";
			};
			name = Release;
		};
/* End XCBuildConfiguration section */

/* Begin XCConfigurationList section */
		2478F66A1C2B921B00826D66 /* Build configuration list for PBXProject "MWBLoopViewSwift" */ = {
			isa = XCConfigurationList;
			buildConfigurations = (
				2478F67F1C2B921C00826D66 /* Debug */,
				2478F6801C2B921C00826D66 /* Release */,
			);
			defaultConfigurationIsVisible = 0;
			defaultConfigurationName = Release;
		};
		2478F6811C2B921C00826D66 /* Build configuration list for PBXNativeTarget "MWBLoopViewSwift" */ = {
			isa = XCConfigurationList;
			buildConfigurations = (
				2478F6821C2B921C00826D66 /* Debug */,
				2478F6831C2B921C00826D66 /* Release */,
			);
			defaultConfigurationIsVisible = 0;
			defaultConfigurationName = Release;
		};
/* End XCConfigurationList section */
	};
	rootObject = 2478F6671C2B921B00826D66 /* Project object */;
}
